
Microsoft Visual Studio Solution File, Format Version 12.00
# Visual Studio 14
VisualStudioVersion = 14.0.25123.0
MinimumVisualStudioVersion = 10.0.40219.1
Project("{888888A0-9F3D-457C-B088-3A5042F75D52}") = "stakenannyb", "stakenannyb\stakenannyb.pyproj", "{2FE71842-5C25-44A1-AA1E-DA80A6EF0954}"
EndProject
Project("{888888A0-9F3D-457C-B088-3A5042F75D52}") = "test", "test\test.pyproj", "{25C551F5-E5AB-4538-9789-82A41E59B616}"
EndProject
Global
	GlobalSection(SolutionConfigurationPlatforms) = preSolution
		Debug|Any CPU = Debug|Any CPU
		Release|Any CPU = Release|Any CPU
	EndGlobalSection
	GlobalSection(ProjectConfigurationPlatforms) = postSolution
		{2FE71842-5C25-44A1-AA1E-DA80A6EF0954}.Debug|Any CPU.ActiveCfg = Debug|Any CPU
		{2FE71842-5C25-44A1-AA1E-DA80A6EF0954}.Release|Any CPU.ActiveCfg = Release|Any CPU
		{25C551F5-E5AB-4538-9789-82A41E59B616}.Debug|Any CPU.ActiveCfg = Debug|Any CPU
		{25C551F5-E5AB-4538-9789-82A41E59B616}.Release|Any CPU.ActiveCfg = Release|Any CPU
	EndGlobalSection
	GlobalSection(SolutionProperties) = preSolution
		HideSolutionNode = FALSE
	EndGlobalSection
EndGlobal
